
Microsoft Visual Studio Solution File, Format Version 12.00
# Visual Studio Version 17
VisualStudioVersion = 17.10.35122.118
MinimumVisualStudioVersion = 10.0.40219.1
Project("{FAE04EC0-301F-11D3-BF4B-00C04F79EFBC}") = "ProyectoDAM", "ProyectoDAM\ProyectoDAM.csproj", "{5F71198D-A3B8-4F53-A970-9D9CECAB03DA}"
EndProject
Global
	GlobalSection(SolutionConfigurationPlatforms) = preSolution
		Debug|Any CPU = Debug|Any CPU
		Release|Any CPU = Release|Any CPU
	EndGlobalSection
	GlobalSection(ProjectConfigurationPlatforms) = postSolution
		{5F71198D-A3B8-4F53-A970-9D9CECAB03DA}.Debug|Any CPU.ActiveCfg = Debug|Any CPU
		{5F71198D-A3B8-4F53-A970-9D9CECAB03DA}.Debug|Any CPU.Build.0 = Debug|Any CPU
		{5F71198D-A3B8-4F53-A970-9D9CECAB03DA}.Release|Any CPU.ActiveCfg = Release|Any CPU
		{5F71198D-A3B8-4F53-A970-9D9CECAB03DA}.Release|Any CPU.Build.0 = Release|Any CPU
	EndGlobalSection
	GlobalSection(SolutionProperties) = preSolution
		HideSolutionNode = FALSE
	EndGlobalSection
	GlobalSection(ExtensibilityGlobals) = postSolution
		SolutionGuid = {4D8B0DA9-EDB6-4D40-B3FB-8044611F089E}
	EndGlobalSection
EndGlobal
